
Microsoft Visual Studio Solution File, Format Version 12.00
# Visual Studio Version 17
VisualStudioVersion = 17.4.33213.308
MinimumVisualStudioVersion = 10.0.40219.1
Project("{FAE04EC0-301F-11D3-BF4B-00C04F79EFBC}") = "CalculadoraTela", "CalculadoraTela\CalculadoraTela.csproj", "{BF3C6273-FEE8-4647-AC72-F1C8641A7213}"
EndProject
Global
	GlobalSection(SolutionConfigurationPlatforms) = preSolution
		Debug|Any CPU = Debug|Any CPU
		Release|Any CPU = Release|Any CPU
	EndGlobalSection
	GlobalSection(ProjectConfigurationPlatforms) = postSolution
		{BF3C6273-FEE8-4647-AC72-F1C8641A7213}.Debug|Any CPU.ActiveCfg = Debug|Any CPU
		{BF3C6273-FEE8-4647-AC72-F1C8641A7213}.Debug|Any CPU.Build.0 = Debug|Any CPU
		{BF3C6273-FEE8-4647-AC72-F1C8641A7213}.Release|Any CPU.ActiveCfg = Release|Any CPU
		{BF3C6273-FEE8-4647-AC72-F1C8641A7213}.Release|Any CPU.Build.0 = Release|Any CPU
	EndGlobalSection
	GlobalSection(SolutionProperties) = preSolution
		HideSolutionNode = FALSE
	EndGlobalSection
	GlobalSection(ExtensibilityGlobals) = postSolution
		SolutionGuid = {DB129BEE-1555-4990-B1C7-44EF54973CA2}
	EndGlobalSection
EndGlobal
